
Microsoft Visual Studio Solution File, Format Version 12.00
# Visual Studio Version 16
VisualStudioVersion = 16.0.32929.386
MinimumVisualStudioVersion = 10.0.40219.1
Project("{FAE04EC0-301F-11D3-BF4B-00C04F79EFBC}") = "UserTicketService", "UserTicketService\UserTicketService.csproj", "{52F01E34-FF06-43C8-A399-D50253385F73}"
EndProject
Project("{FAE04EC0-301F-11D3-BF4B-00C04F79EFBC}") = "UserTicketService.Tests", "UserTicketService.Tests\UserTicketService.Tests.csproj", "{DF3A4D11-ADC5-4B46-BAF2-B7766870306B}"
EndProject
Project("{FAE04EC0-301F-11D3-BF4B-00C04F79EFBC}") = "UserTicketService.MS.Tests", "UserTicketService.MS.Tests\UserTicketService.MS.Tests.csproj", "{912D22FB-1223-49CB-9477-2159793E6C4A}"
EndProject
Global
	GlobalSection(SolutionConfigurationPlatforms) = preSolution
		Debug|Any CPU = Debug|Any CPU
		Release|Any CPU = Release|Any CPU
	EndGlobalSection
	GlobalSection(ProjectConfigurationPlatforms) = postSolution
		{52F01E34-FF06-43C8-A399-D50253385F73}.Debug|Any CPU.ActiveCfg = Debug|Any CPU
		{52F01E34-FF06-43C8-A399-D50253385F73}.Debug|Any CPU.Build.0 = Debug|Any CPU
		{52F01E34-FF06-43C8-A399-D50253385F73}.Release|Any CPU.ActiveCfg = Release|Any CPU
		{52F01E34-FF06-43C8-A399-D50253385F73}.Release|Any CPU.Build.0 = Release|Any CPU
		{DF3A4D11-ADC5-4B46-BAF2-B7766870306B}.Debug|Any CPU.ActiveCfg = Debug|Any CPU
		{DF3A4D11-ADC5-4B46-BAF2-B7766870306B}.Debug|Any CPU.Build.0 = Debug|Any CPU
		{DF3A4D11-ADC5-4B46-BAF2-B7766870306B}.Release|Any CPU.ActiveCfg = Release|Any CPU
		{DF3A4D11-ADC5-4B46-BAF2-B7766870306B}.Release|Any CPU.Build.0 = Release|Any CPU
		{912D22FB-1223-49CB-9477-2159793E6C4A}.Debug|Any CPU.ActiveCfg = Debug|Any CPU
		{912D22FB-1223-49CB-9477-2159793E6C4A}.Debug|Any CPU.Build.0 = Debug|Any CPU
		{912D22FB-1223-49CB-9477-2159793E6C4A}.Release|Any CPU.ActiveCfg = Release|Any CPU
		{912D22FB-1223-49CB-9477-2159793E6C4A}.Release|Any CPU.Build.0 = Release|Any CPU
	EndGlobalSection
	GlobalSection(SolutionProperties) = preSolution
		HideSolutionNode = FALSE
	EndGlobalSection
	GlobalSection(ExtensibilityGlobals) = postSolution
		SolutionGuid = {18546B87-1CF9-4CAC-8C30-E242A81E4193}
	EndGlobalSection
EndGlobal
